Microsoft Visual Studio Solution File, Format Version 12.00
# Visual Studio 16
Project("{8BC9CEB8-8B4A-11D0-8D11-00A0C91BC942}") = "ALL_BUILD", "ALL_BUILD.vcxproj", "{3E10353B-4A67-323F-AC16-F84C9C1A22F4}"
	ProjectSection(ProjectDependencies) = postProject
		{148E7C3F-423D-3AE1-867A-CD9B83940716} = {148E7C3F-423D-3AE1-867A-CD9B83940716}
		{58711845-C8AD-3820-970F-F89180B04325} = {58711845-C8AD-3820-970F-F89180B04325}
		{F610B094-76ED-3B5D-A128-884BC48F4696} = {F610B094-76ED-3B5D-A128-884BC48F4696}
		{224E7FC9-5A21-3C50-AAD3-C0101D8B70A6} = {224E7FC9-5A21-3C50-AAD3-C0101D8B70A6}
	EndProjectSection
EndProject
Project("{8BC9CEB8-8B4A-11D0-8D11-00A0C91BC942}") = "INSTALL", "INSTALL.vcxproj", "{6D8857BB-2BF7-3D8C-A33E-FF35E60804CD}"
	ProjectSection(ProjectDependencies) = postProject
		{3E10353B-4A67-323F-AC16-F84C9C1A22F4} = {3E10353B-4A67-323F-AC16-F84C9C1A22F4}
		{148E7C3F-423D-3AE1-867A-CD9B83940716} = {148E7C3F-423D-3AE1-867A-CD9B83940716}
	EndProjectSection
EndProject
Project("{8BC9CEB8-8B4A-11D0-8D11-00A0C91BC942}") = "ZERO_CHECK", "ZERO_CHECK.vcxproj", "{148E7C3F-423D-3AE1-867A-CD9B83940716}"
	ProjectSection(ProjectDependencies) = postProject
	EndProjectSection
EndProject
Project("{8BC9CEB8-8B4A-11D0-8D11-00A0C91BC942}") = "csprng", "csprng.vcxproj", "{58711845-C8AD-3820-970F-F89180B04325}"
	ProjectSection(ProjectDependencies) = postProject
		{148E7C3F-423D-3AE1-867A-CD9B83940716} = {148E7C3F-423D-3AE1-867A-CD9B83940716}
	EndProjectSection
EndProject
Project("{8BC9CEB8-8B4A-11D0-8D11-00A0C91BC942}") = "subreg", "subreg.vcxproj", "{F610B094-76ED-3B5D-A128-884BC48F4696}"
	ProjectSection(ProjectDependencies) = postProject
		{148E7C3F-423D-3AE1-867A-CD9B83940716} = {148E7C3F-423D-3AE1-867A-CD9B83940716}
	EndProjectSection
EndProject
Project("{8BC9CEB8-8B4A-11D0-8D11-00A0C91BC942}") = "zaliczeniejezykowprogramowania", "zaliczeniejezykowprogramowania.vcxproj", "{224E7FC9-5A21-3C50-AAD3-C0101D8B70A6}"
	ProjectSection(ProjectDependencies) = postProject
		{148E7C3F-423D-3AE1-867A-CD9B83940716} = {148E7C3F-423D-3AE1-867A-CD9B83940716}
	EndProjectSection
EndProject
Global
	GlobalSection(SolutionConfigurationPlatforms) = preSolution
		Debug|x64 = Debug|x64
		Release|x64 = Release|x64
		MinSizeRel|x64 = MinSizeRel|x64
		RelWithDebInfo|x64 = RelWithDebInfo|x64
	EndGlobalSection
	GlobalSection(ProjectConfigurationPlatforms) = postSolution
		{3E10353B-4A67-323F-AC16-F84C9C1A22F4}.Debug|x64.ActiveCfg = Debug|x64
		{3E10353B-4A67-323F-AC16-F84C9C1A22F4}.Debug|x64.Build.0 = Debug|x64
		{3E10353B-4A67-323F-AC16-F84C9C1A22F4}.Release|x64.ActiveCfg = Release|x64
		{3E10353B-4A67-323F-AC16-F84C9C1A22F4}.Release|x64.Build.0 = Release|x64
		{3E10353B-4A67-323F-AC16-F84C9C1A22F4}.MinSizeRel|x64.ActiveCfg = MinSizeRel|x64
		{3E10353B-4A67-323F-AC16-F84C9C1A22F4}.MinSizeRel|x64.Build.0 = MinSizeRel|x64
		{3E10353B-4A67-323F-AC16-F84C9C1A22F4}.RelWithDebInfo|x64.ActiveCfg = RelWithDebInfo|x64
		{3E10353B-4A67-323F-AC16-F84C9C1A22F4}.RelWithDebInfo|x64.Build.0 = RelWithDebInfo|x64
		{6D8857BB-2BF7-3D8C-A33E-FF35E60804CD}.Debug|x64.ActiveCfg = Debug|x64
		{6D8857BB-2BF7-3D8C-A33E-FF35E60804CD}.Release|x64.ActiveCfg = Release|x64
		{6D8857BB-2BF7-3D8C-A33E-FF35E60804CD}.MinSizeRel|x64.ActiveCfg = MinSizeRel|x64
		{6D8857BB-2BF7-3D8C-A33E-FF35E60804CD}.RelWithDebInfo|x64.ActiveCfg = RelWithDebInfo|x64
		{148E7C3F-423D-3AE1-867A-CD9B83940716}.Debug|x64.ActiveCfg = Debug|x64
		{148E7C3F-423D-3AE1-867A-CD9B83940716}.Debug|x64.Build.0 = Debug|x64
		{148E7C3F-423D-3AE1-867A-CD9B83940716}.Release|x64.ActiveCfg = Release|x64
		{148E7C3F-423D-3AE1-867A-CD9B83940716}.Release|x64.Build.0 = Release|x64
		{148E7C3F-423D-3AE1-867A-CD9B83940716}.MinSizeRel|x64.ActiveCfg = MinSizeRel|x64
		{148E7C3F-423D-3AE1-867A-CD9B83940716}.MinSizeRel|x64.Build.0 = MinSizeRel|x64
		{148E7C3F-423D-3AE1-867A-CD9B83940716}.RelWithDebInfo|x64.ActiveCfg = RelWithDebInfo|x64
		{148E7C3F-423D-3AE1-867A-CD9B83940716}.RelWithDebInfo|x64.Build.0 = RelWithDebInfo|x64
		{58711845-C8AD-3820-970F-F89180B04325}.Debug|x64.ActiveCfg = Debug|x64
		{58711845-C8AD-3820-970F-F89180B04325}.Debug|x64.Build.0 = Debug|x64
		{58711845-C8AD-3820-970F-F89180B04325}.Release|x64.ActiveCfg = Release|x64
		{58711845-C8AD-3820-970F-F89180B04325}.Release|x64.Build.0 = Release|x64
		{58711845-C8AD-3820-970F-F89180B04325}.MinSizeRel|x64.ActiveCfg = MinSizeRel|x64
		{58711845-C8AD-3820-970F-F89180B04325}.MinSizeRel|x64.Build.0 = MinSizeRel|x64
		{58711845-C8AD-3820-970F-F89180B04325}.RelWithDebInfo|x64.ActiveCfg = RelWithDebInfo|x64
		{58711845-C8AD-3820-970F-F89180B04325}.RelWithDebInfo|x64.Build.0 = RelWithDebInfo|x64
		{F610B094-76ED-3B5D-A128-884BC48F4696}.Debug|x64.ActiveCfg = Debug|x64
		{F610B094-76ED-3B5D-A128-884BC48F4696}.Debug|x64.Build.0 = Debug|x64
		{F610B094-76ED-3B5D-A128-884BC48F4696}.Release|x64.ActiveCfg = Release|x64
		{F610B094-76ED-3B5D-A128-884BC48F4696}.Release|x64.Build.0 = Release|x64
		{F610B094-76ED-3B5D-A128-884BC48F4696}.MinSizeRel|x64.ActiveCfg = MinSizeRel|x64
		{F610B094-76ED-3B5D-A128-884BC48F4696}.MinSizeRel|x64.Build.0 = MinSizeRel|x64
		{F610B094-76ED-3B5D-A128-884BC48F4696}.RelWithDebInfo|x64.ActiveCfg = RelWithDebInfo|x64
		{F610B094-76ED-3B5D-A128-884BC48F4696}.RelWithDebInfo|x64.Build.0 = RelWithDebInfo|x64
		{224E7FC9-5A21-3C50-AAD3-C0101D8B70A6}.Debug|x64.ActiveCfg = Debug|x64
		{224E7FC9-5A21-3C50-AAD3-C0101D8B70A6}.Debug|x64.Build.0 = Debug|x64
		{224E7FC9-5A21-3C50-AAD3-C0101D8B70A6}.Release|x64.ActiveCfg = Release|x64
		{224E7FC9-5A21-3C50-AAD3-C0101D8B70A6}.Release|x64.Build.0 = Release|x64
		{224E7FC9-5A21-3C50-AAD3-C0101D8B70A6}.MinSizeRel|x64.ActiveCfg = MinSizeRel|x64
		{224E7FC9-5A21-3C50-AAD3-C0101D8B70A6}.MinSizeRel|x64.Build.0 = MinSizeRel|x64
		{224E7FC9-5A21-3C50-AAD3-C0101D8B70A6}.RelWithDebInfo|x64.ActiveCfg = RelWithDebInfo|x64
		{224E7FC9-5A21-3C50-AAD3-C0101D8B70A6}.RelWithDebInfo|x64.Build.0 = RelWithDebInfo|x64
	EndGlobalSection
	GlobalSection(ExtensibilityGlobals) = postSolution
		SolutionGuid = {06F48A5B-E17F-33AF-AD82-185EC2ED5E0D}
	EndGlobalSection
	GlobalSection(ExtensibilityAddIns) = postSolution
	EndGlobalSection
EndGlobal
